
Microsoft Visual Studio Solution File, Format Version 12.00
# Visual Studio Version 17
VisualStudioVersion = 17.7.34221.43
MinimumVisualStudioVersion = 10.0.40219.1
Project("{FAE04EC0-301F-11D3-BF4B-00C04F79EFBC}") = "SaludPublica", "SaludPublica\SaludPublica.csproj", "{08189E48-7F37-4745-B1DD-D94491CA3D2A}"
EndProject
Global
	GlobalSection(SolutionConfigurationPlatforms) = preSolution
		Debug|Any CPU = Debug|Any CPU
		Release|Any CPU = Release|Any CPU
	EndGlobalSection
	GlobalSection(ProjectConfigurationPlatforms) = postSolution
		{08189E48-7F37-4745-B1DD-D94491CA3D2A}.Debug|Any CPU.ActiveCfg = Debug|Any CPU
		{08189E48-7F37-4745-B1DD-D94491CA3D2A}.Debug|Any CPU.Build.0 = Debug|Any CPU
		{08189E48-7F37-4745-B1DD-D94491CA3D2A}.Release|Any CPU.ActiveCfg = Release|Any CPU
		{08189E48-7F37-4745-B1DD-D94491CA3D2A}.Release|Any CPU.Build.0 = Release|Any CPU
	EndGlobalSection
	GlobalSection(SolutionProperties) = preSolution
		HideSolutionNode = FALSE
	EndGlobalSection
	GlobalSection(ExtensibilityGlobals) = postSolution
		SolutionGuid = {A5ABBEDB-C776-4C6A-8200-39725D128125}
	EndGlobalSection
EndGlobal
